
Microsoft Visual Studio Solution File, Format Version 12.00
# Visual Studio Version 17
VisualStudioVersion = 17.6.33815.320
MinimumVisualStudioVersion = 10.0.40219.1
Project("{FAE04EC0-301F-11D3-BF4B-00C04F79EFBC}") = "CodePulseApi", "CodePulseApi.csproj", "{B112BAF9-7A4F-4BE4-8AEE-09CB4DD67074}"
EndProject
Global
	GlobalSection(SolutionConfigurationPlatforms) = preSolution
		Debug|Any CPU = Debug|Any CPU
		Release|Any CPU = Release|Any CPU
	EndGlobalSection
	GlobalSection(ProjectConfigurationPlatforms) = postSolution
		{B112BAF9-7A4F-4BE4-8AEE-09CB4DD67074}.Debug|Any CPU.ActiveCfg = Debug|Any CPU
		{B112BAF9-7A4F-4BE4-8AEE-09CB4DD67074}.Debug|Any CPU.Build.0 = Debug|Any CPU
		{B112BAF9-7A4F-4BE4-8AEE-09CB4DD67074}.Release|Any CPU.ActiveCfg = Release|Any CPU
		{B112BAF9-7A4F-4BE4-8AEE-09CB4DD67074}.Release|Any CPU.Build.0 = Release|Any CPU
	EndGlobalSection
	GlobalSection(SolutionProperties) = preSolution
		HideSolutionNode = FALSE
	EndGlobalSection
	GlobalSection(ExtensibilityGlobals) = postSolution
		SolutionGuid = {35563618-8B1A-43EC-81E7-0D3F67D741D3}
	EndGlobalSection
EndGlobal
